
Microsoft Visual Studio Solution File, Format Version 12.00
# Visual Studio 15
VisualStudioVersion = 15.0.28010.2036
MinimumVisualStudioVersion = 10.0.40219.1
Project("{FAE04EC0-301F-11D3-BF4B-00C04F79EFBC}") = "MongoRepo", "MongoRepo\MongoRepo.csproj", "{D6AFAB59-4432-4E26-91DA-56132D160716}"
EndProject
Project("{FAE04EC0-301F-11D3-BF4B-00C04F79EFBC}") = "MongoRepoTests", "MongoRepoTests\MongoRepoTests.csproj", "{647CF747-A2D4-4CF1-ABB8-E47C54E33C6D}"
EndProject
Global
	GlobalSection(SolutionConfigurationPlatforms) = preSolution
		Debug|Any CPU = Debug|Any CPU
		Release|Any CPU = Release|Any CPU
	EndGlobalSection
	GlobalSection(ProjectConfigurationPlatforms) = postSolution
		{D6AFAB59-4432-4E26-91DA-56132D160716}.Debug|Any CPU.ActiveCfg = Debug|Any CPU
		{D6AFAB59-4432-4E26-91DA-56132D160716}.Debug|Any CPU.Build.0 = Debug|Any CPU
		{D6AFAB59-4432-4E26-91DA-56132D160716}.Release|Any CPU.ActiveCfg = Release|Any CPU
		{D6AFAB59-4432-4E26-91DA-56132D160716}.Release|Any CPU.Build.0 = Release|Any CPU
		{647CF747-A2D4-4CF1-ABB8-E47C54E33C6D}.Debug|Any CPU.ActiveCfg = Debug|Any CPU
		{647CF747-A2D4-4CF1-ABB8-E47C54E33C6D}.Debug|Any CPU.Build.0 = Debug|Any CPU
		{647CF747-A2D4-4CF1-ABB8-E47C54E33C6D}.Release|Any CPU.ActiveCfg = Release|Any CPU
		{647CF747-A2D4-4CF1-ABB8-E47C54E33C6D}.Release|Any CPU.Build.0 = Release|Any CPU
	EndGlobalSection
	GlobalSection(SolutionProperties) = preSolution
		HideSolutionNode = FALSE
	EndGlobalSection
	GlobalSection(ExtensibilityGlobals) = postSolution
		SolutionGuid = {8C2F3B97-03F8-4D1A-95FB-04E96C49D1C5}
	EndGlobalSection
EndGlobal
